// !$*UTF8*$!
{
	archiveVersion = 1;
	classes = {
	};
	objectVersion = 56;
	objects = {

/* Begin PBXBuildFile section */
		CE10C50A2A908E0900F703AE /* NavigationHomeViewController.swift in Sources */ = {isa = PBXBuildFile; fileRef = CE10C5092A908E0900F703AE /* NavigationHomeViewController.swift */; };
		CE10C50C2A90905A00F703AE /* CodeNextViewController.swift in Sources */ = {isa = PBXBuildFile; fileRef = CE10C50B2A90905A00F703AE /* CodeNextViewController.swift */; };
		CE10C50E2A9097F300F703AE /* SegueNextViewController.swift in Sources */ = {isa = PBXBuildFile; fileRef = CE10C50D2A9097F300F703AE /* SegueNextViewController.swift */; };
		CE10C5102A909E9C00F703AE /* NavigationHomeViewControllerTests.swift in Sources */ = {isa = PBXBuildFile; fileRef = CE10C50F2A909E9C00F703AE /* NavigationHomeViewControllerTests.swift */; };
		CE10C5142A914A6F00F703AE /* UserDefaultsViewController.swift in Sources */ = {isa = PBXBuildFile; fileRef = CE10C5132A914A6F00F703AE /* UserDefaultsViewController.swift */; };
		CE10C5162A914A9000F703AE /* UserDefaultsViewControllerTests.swift in Sources */ = {isa = PBXBuildFile; fileRef = CE10C5152A914A9000F703AE /* UserDefaultsViewControllerTests.swift */; };
		CE10C5182A91534900F703AE /* FakeUserDefaults.swift in Sources */ = {isa = PBXBuildFile; fileRef = CE10C5172A91534900F703AE /* FakeUserDefaults.swift */; };
		CE1677D22A8F49E000E9DD95 /* InstanceInitializerViewController.swift in Sources */ = {isa = PBXBuildFile; fileRef = CE1677D02A8F49E000E9DD95 /* InstanceInitializerViewController.swift */; };
		CE1677D32A8F49E000E9DD95 /* InstanceInitializerViewController.xib in Resources */ = {isa = PBXBuildFile; fileRef = CE1677D12A8F49E000E9DD95 /* InstanceInitializerViewController.xib */; };
		CE1677D52A8F4B9600E9DD95 /* InstanceInitializerViewControllerTests.swift in Sources */ = {isa = PBXBuildFile; fileRef = CE1677D42A8F4B9600E9DD95 /* InstanceInitializerViewControllerTests.swift */; };
		CE1677D72A8F4F1700E9DD95 /* InstancePropertyViewControllerTests.swift in Sources */ = {isa = PBXBuildFile; fileRef = CE1677D62A8F4F1700E9DD95 /* InstancePropertyViewControllerTests.swift */; };
		CE1677DA2A8F50FD00E9DD95 /* ClosureInitializerViewController.swift in Sources */ = {isa = PBXBuildFile; fileRef = CE1677D82A8F50FD00E9DD95 /* ClosureInitializerViewController.swift */; };
		CE1677DB2A8F50FD00E9DD95 /* ClosureInitializerViewController.xib in Resources */ = {isa = PBXBuildFile; fileRef = CE1677D92A8F50FD00E9DD95 /* ClosureInitializerViewController.xib */; };
		CE1677DD2A8F51C600E9DD95 /* ClosureInitializerViewControllerTests.swift in Sources */ = {isa = PBXBuildFile; fileRef = CE1677DC2A8F51C600E9DD95 /* ClosureInitializerViewControllerTests.swift */; };
		CE1677E12A8F56A100E9DD95 /* OutletConnectionsViewController.swift in Sources */ = {isa = PBXBuildFile; fileRef = CE1677E02A8F56A100E9DD95 /* OutletConnectionsViewController.swift */; };
		CE1677E32A8F571400E9DD95 /* OutletConnectionsViewControllerTests.swift in Sources */ = {isa = PBXBuildFile; fileRef = CE1677E22A8F571400E9DD95 /* OutletConnectionsViewControllerTests.swift */; };
		CE1677E82A8FE1A000E9DD95 /* AlertViewController.swift in Sources */ = {isa = PBXBuildFile; fileRef = CE1677E72A8FE1A000E9DD95 /* AlertViewController.swift */; };
		CE1677EA2A8FE6CB00E9DD95 /* ViewControllerPresentationSpy.xcframework in Frameworks */ = {isa = PBXBuildFile; fileRef = CE1677E92A8FE6CB00E9DD95 /* ViewControllerPresentationSpy.xcframework */; };
		CE1677EC2A8FE79900E9DD95 /* ViewControllerPresentationSpy.xcframework in CopyFiles */ = {isa = PBXBuildFile; fileRef = CE1677E92A8FE6CB00E9DD95 /* ViewControllerPresentationSpy.xcframework */; settings = {ATTRIBUTES = (CodeSignOnCopy, RemoveHeadersOnCopy, ); }; };
		CE1677EE2A8FE83500E9DD95 /* AlertViewControllerTests.swift in Sources */ = {isa = PBXBuildFile; fileRef = CE1677ED2A8FE83500E9DD95 /* AlertViewControllerTests.swift */; };
		CE7391DF2A2331B8003AA558 /* Analytics.swift in Sources */ = {isa = PBXBuildFile; fileRef = CE7391DE2A2331B8003AA558 /* Analytics.swift */; };
		CE7391E12A2332E2003AA558 /* MySingletonAnalytics.swift in Sources */ = {isa = PBXBuildFile; fileRef = CE7391E02A2332E2003AA558 /* MySingletonAnalytics.swift */; };
		CE7391E32A2334F8003AA558 /* InstancePropertyViewController.swift in Sources */ = {isa = PBXBuildFile; fileRef = CE7391E22A2334F8003AA558 /* InstancePropertyViewController.swift */; };
		CE7391E62A2336DD003AA558 /* OverrideViewController.swift in Sources */ = {isa = PBXBuildFile; fileRef = CE7391E42A2336DD003AA558 /* OverrideViewController.swift */; };
		CE7391E72A2336DD003AA558 /* OverrideViewController.xib in Resources */ = {isa = PBXBuildFile; fileRef = CE7391E52A2336DD003AA558 /* OverrideViewController.xib */; };
		CE7391ED2A233854003AA558 /* MySingletonViewController.swift in Sources */ = {isa = PBXBuildFile; fileRef = CE7391EC2A233854003AA558 /* MySingletonViewController.swift */; };
		CE7391EF2A233EA3003AA558 /* MySingletonViewControllerTests.swift in Sources */ = {isa = PBXBuildFile; fileRef = CE7391EE2A233EA3003AA558 /* MySingletonViewControllerTests.swift */; };
		CE7391F12A234416003AA558 /* OverrideViewControllerTests.swift in Sources */ = {isa = PBXBuildFile; fileRef = CE7391F02A234416003AA558 /* OverrideViewControllerTests.swift */; };
		CEAF61412A1D2F0400E37A81 /* StoryboardBasedViewController.swift in Sources */ = {isa = PBXBuildFile; fileRef = CEAF61402A1D2F0400E37A81 /* StoryboardBasedViewController.swift */; };
		CEAF61432A1D308300E37A81 /* StoryboardBasedViewControllerTests.swift in Sources */ = {isa = PBXBuildFile; fileRef = CEAF61422A1D308300E37A81 /* StoryboardBasedViewControllerTests.swift */; };
		CEAF61462A1D38AD00E37A81 /* XIBBasedViewController.swift in Sources */ = {isa = PBXBuildFile; fileRef = CEAF61442A1D38AD00E37A81 /* XIBBasedViewController.swift */; };
		CEAF61472A1D38AD00E37A81 /* XIBBasedViewController.xib in Resources */ = {isa = PBXBuildFile; fileRef = CEAF61452A1D38AD00E37A81 /* XIBBasedViewController.xib */; };
		CEAF61492A1D391B00E37A81 /* XIBBasedViewControllerTests.swift in Sources */ = {isa = PBXBuildFile; fileRef = CEAF61482A1D391B00E37A81 /* XIBBasedViewControllerTests.swift */; };
		CEAF614B2A1D3BDD00E37A81 /* CodeBasedViewController.swift in Sources */ = {isa = PBXBuildFile; fileRef = CEAF614A2A1D3BDD00E37A81 /* CodeBasedViewController.swift */; };
		CEAF614D2A1D3C7300E37A81 /* CodeBasedViewControllerTests.swift in Sources */ = {isa = PBXBuildFile; fileRef = CEAF614C2A1D3C7300E37A81 /* CodeBasedViewControllerTests.swift */; };
		CEDC1B6B2A16A3E900BA528C /* AppDelegate.swift in Sources */ = {isa = PBXBuildFile; fileRef = CEDC1B6A2A16A3E900BA528C /* AppDelegate.swift */; };
		CEDC1B6D2A16A3E900BA528C /* SceneDelegate.swift in Sources */ = {isa = PBXBuildFile; fileRef = CEDC1B6C2A16A3E900BA528C /* SceneDelegate.swift */; };
		CEDC1B6F2A16A3E900BA528C /* ViewController.swift in Sources */ = {isa = PBXBuildFile; fileRef = CEDC1B6E2A16A3E900BA528C /* ViewController.swift */; };
		CEDC1B722A16A3E900BA528C /* Main.storyboard in Resources */ = {isa = PBXBuildFile; fileRef = CEDC1B702A16A3E900BA528C /* Main.storyboard */; };
		CEDC1B742A16A3EB00BA528C /* Assets.xcassets in Resources */ = {isa = PBXBuildFile; fileRef = CEDC1B732A16A3EB00BA528C /* Assets.xcassets */; };
		CEDC1B772A16A3EB00BA528C /* LaunchScreen.storyboard in Resources */ = {isa = PBXBuildFile; fileRef = CEDC1B752A16A3EB00BA528C /* LaunchScreen.storyboard */; };
		CEDC1B8C2A16A3EB00BA528C /* UnitTestingByExampleUITests.swift in Sources */ = {isa = PBXBuildFile; fileRef = CEDC1B8B2A16A3EB00BA528C /* UnitTestingByExampleUITests.swift */; };
		CEDC1B8E2A16A3EB00BA528C /* UnitTestingByExampleUITestsLaunchTests.swift in Sources */ = {isa = PBXBuildFile; fileRef = CEDC1B8D2A16A3EB00BA528C /* UnitTestingByExampleUITestsLaunchTests.swift */; };
		CEDC1B9B2A16A5EB00BA528C /* AssertYourselfTests.swift in Sources */ = {isa = PBXBuildFile; fileRef = CEDC1B9A2A16A5EB00BA528C /* AssertYourselfTests.swift */; };
		CEDE4A1C2A18658300000E8C /* CoveredClass.swift in Sources */ = {isa = PBXBuildFile; fileRef = CEDE4A1B2A18658300000E8C /* CoveredClass.swift */; };
		CEDE4A1E2A18661C00000E8C /* CoveredClassTests.swift in Sources */ = {isa = PBXBuildFile; fileRef = CEDE4A1D2A18661C00000E8C /* CoveredClassTests.swift */; };
		CEF8E16E2A17F915009C0928 /* MyClassTests.swift in Sources */ = {isa = PBXBuildFile; fileRef = CEF8E16D2A17F915009C0928 /* MyClassTests.swift */; };
		CEF8E1722A17FDAD009C0928 /* MyClass.swift in Sources */ = {isa = PBXBuildFile; fileRef = CEF8E1712A17FDAD009C0928 /* MyClass.swift */; };
/* End PBXBuildFile section */

/* Begin PBXContainerItemProxy section */
		CEDC1B7E2A16A3EB00BA528C /* PBXContainerItemProxy */ = {
			isa = PBXContainerItemProxy;
			containerPortal = CEDC1B5F2A16A3E900BA528C /* Project object */;
			proxyType = 1;
			remoteGlobalIDString = CEDC1B662A16A3E900BA528C;
			remoteInfo = UnitTestingByExample;
		};
		CEDC1B882A16A3EB00BA528C /* PBXContainerItemProxy */ = {
			isa = PBXContainerItemProxy;
			containerPortal = CEDC1B5F2A16A3E900BA528C /* Project object */;
			proxyType = 1;
			remoteGlobalIDString = CEDC1B662A16A3E900BA528C;
			remoteInfo = UnitTestingByExample;
		};
/* End PBXContainerItemProxy section */

/* Begin PBXCopyFilesBuildPhase section */
		CE1677EB2A8FE76A00E9DD95 /* CopyFiles */ = {
			isa = PBXCopyFilesBuildPhase;
			buildActionMask = 2147483647;
			dstPath = "";
			dstSubfolderSpec = 7;
			files = (
				CE1677EC2A8FE79900E9DD95 /* ViewControllerPresentationSpy.xcframework in CopyFiles */,
			);
			runOnlyForDeploymentPostprocessing = 0;
		};
/* End PBXCopyFilesBuildPhase section */

/* Begin PBXFileReference section */
		CE10C5092A908E0900F703AE /* NavigationHomeViewController.swift */ = {isa = PBXFileReference; lastKnownFileType = sourcecode.swift; path = NavigationHomeViewController.swift; sourceTree = "<group>"; };
		CE10C50B2A90905A00F703AE /* CodeNextViewController.swift */ = {isa = PBXFileReference; lastKnownFileType = sourcecode.swift; path = CodeNextViewController.swift; sourceTree = "<group>"; };
		CE10C50D2A9097F300F703AE /* SegueNextViewController.swift */ = {isa = PBXFileReference; lastKnownFileType = sourcecode.swift; path = SegueNextViewController.swift; sourceTree = "<group>"; };
		CE10C50F2A909E9C00F703AE /* NavigationHomeViewControllerTests.swift */ = {isa = PBXFileReference; lastKnownFileType = sourcecode.swift; path = NavigationHomeViewControllerTests.swift; sourceTree = "<group>"; };
		CE10C5132A914A6F00F703AE /* UserDefaultsViewController.swift */ = {isa = PBXFileReference; lastKnownFileType = sourcecode.swift; path = UserDefaultsViewController.swift; sourceTree = "<group>"; };
		CE10C5152A914A9000F703AE /* UserDefaultsViewControllerTests.swift */ = {isa = PBXFileReference; lastKnownFileType = sourcecode.swift; path = UserDefaultsViewControllerTests.swift; sourceTree = "<group>"; };
		CE10C5172A91534900F703AE /* FakeUserDefaults.swift */ = {isa = PBXFileReference; lastKnownFileType = sourcecode.swift; path = FakeUserDefaults.swift; sourceTree = "<group>"; };
		CE1677D02A8F49E000E9DD95 /* InstanceInitializerViewController.swift */ = {isa = PBXFileReference; lastKnownFileType = sourcecode.swift; path = InstanceInitializerViewController.swift; sourceTree = "<group>"; };
		CE1677D12A8F49E000E9DD95 /* InstanceInitializerViewController.xib */ = {isa = PBXFileReference; lastKnownFileType = file.xib; path = InstanceInitializerViewController.xib; sourceTree = "<group>"; };
		CE1677D42A8F4B9600E9DD95 /* InstanceInitializerViewControllerTests.swift */ = {isa = PBXFileReference; lastKnownFileType = sourcecode.swift; path = InstanceInitializerViewControllerTests.swift; sourceTree = "<group>"; };
		CE1677D62A8F4F1700E9DD95 /* InstancePropertyViewControllerTests.swift */ = {isa = PBXFileReference; lastKnownFileType = sourcecode.swift; path = InstancePropertyViewControllerTests.swift; sourceTree = "<group>"; };
		CE1677D82A8F50FD00E9DD95 /* ClosureInitializerViewController.swift */ = {isa = PBXFileReference; lastKnownFileType = sourcecode.swift; path = ClosureInitializerViewController.swift; sourceTree = "<group>"; };
		CE1677D92A8F50FD00E9DD95 /* ClosureInitializerViewController.xib */ = {isa = PBXFileReference; lastKnownFileType = file.xib; path = ClosureInitializerViewController.xib; sourceTree = "<group>"; };
		CE1677DC2A8F51C600E9DD95 /* ClosureInitializerViewControllerTests.swift */ = {isa = PBXFileReference; lastKnownFileType = sourcecode.swift; path = ClosureInitializerViewControllerTests.swift; sourceTree = "<group>"; };
		CE1677E02A8F56A100E9DD95 /* OutletConnectionsViewController.swift */ = {isa = PBXFileReference; lastKnownFileType = sourcecode.swift; path = OutletConnectionsViewController.swift; sourceTree = "<group>"; };
		CE1677E22A8F571400E9DD95 /* OutletConnectionsViewControllerTests.swift */ = {isa = PBXFileReference; lastKnownFileType = sourcecode.swift; path = OutletConnectionsViewControllerTests.swift; sourceTree = "<group>"; };
		CE1677E72A8FE1A000E9DD95 /* AlertViewController.swift */ = {isa = PBXFileReference; lastKnownFileType = sourcecode.swift; path = AlertViewController.swift; sourceTree = "<group>"; };
		CE1677E92A8FE6CB00E9DD95 /* ViewControllerPresentationSpy.xcframework */ = {isa = PBXFileReference; lastKnownFileType = wrapper.xcframework; path = ViewControllerPresentationSpy.xcframework; sourceTree = "<group>"; };
		CE1677ED2A8FE83500E9DD95 /* AlertViewControllerTests.swift */ = {isa = PBXFileReference; lastKnownFileType = sourcecode.swift; path = AlertViewControllerTests.swift; sourceTree = "<group>"; };
		CE7391DE2A2331B8003AA558 /* Analytics.swift */ = {isa = PBXFileReference; lastKnownFileType = sourcecode.swift; path = Analytics.swift; sourceTree = "<group>"; };
		CE7391E02A2332E2003AA558 /* MySingletonAnalytics.swift */ = {isa = PBXFileReference; lastKnownFileType = sourcecode.swift; path = MySingletonAnalytics.swift; sourceTree = "<group>"; };
		CE7391E22A2334F8003AA558 /* InstancePropertyViewController.swift */ = {isa = PBXFileReference; lastKnownFileType = sourcecode.swift; path = InstancePropertyViewController.swift; sourceTree = "<group>"; };
		CE7391E42A2336DD003AA558 /* OverrideViewController.swift */ = {isa = PBXFileReference; lastKnownFileType = sourcecode.swift; path = OverrideViewController.swift; sourceTree = "<group>"; };
		CE7391E52A2336DD003AA558 /* OverrideViewController.xib */ = {isa = PBXFileReference; lastKnownFileType = file.xib; path = OverrideViewController.xib; sourceTree = "<group>"; };
		CE7391EC2A233854003AA558 /* MySingletonViewController.swift */ = {isa = PBXFileReference; lastKnownFileType = sourcecode.swift; path = MySingletonViewController.swift; sourceTree = "<group>"; };
		CE7391EE2A233EA3003AA558 /* MySingletonViewControllerTests.swift */ = {isa = PBXFileReference; lastKnownFileType = sourcecode.swift; path = MySingletonViewControllerTests.swift; sourceTree = "<group>"; };
		CE7391F02A234416003AA558 /* OverrideViewControllerTests.swift */ = {isa = PBXFileReference; lastKnownFileType = sourcecode.swift; path = OverrideViewControllerTests.swift; sourceTree = "<group>"; };
		CEAF61402A1D2F0400E37A81 /* StoryboardBasedViewController.swift */ = {isa = PBXFileReference; lastKnownFileType = sourcecode.swift; path = StoryboardBasedViewController.swift; sourceTree = "<group>"; };
		CEAF61422A1D308300E37A81 /* StoryboardBasedViewControllerTests.swift */ = {isa = PBXFileReference; lastKnownFileType = sourcecode.swift; path = StoryboardBasedViewControllerTests.swift; sourceTree = "<group>"; };
		CEAF61442A1D38AD00E37A81 /* XIBBasedViewController.swift */ = {isa = PBXFileReference; lastKnownFileType = sourcecode.swift; path = XIBBasedViewController.swift; sourceTree = "<group>"; };
		CEAF61452A1D38AD00E37A81 /* XIBBasedViewController.xib */ = {isa = PBXFileReference; lastKnownFileType = file.xib; path = XIBBasedViewController.xib; sourceTree = "<group>"; };
		CEAF61482A1D391B00E37A81 /* XIBBasedViewControllerTests.swift */ = {isa = PBXFileReference; lastKnownFileType = sourcecode.swift; path = XIBBasedViewControllerTests.swift; sourceTree = "<group>"; };
		CEAF614A2A1D3BDD00E37A81 /* CodeBasedViewController.swift */ = {isa = PBXFileReference; lastKnownFileType = sourcecode.swift; path = CodeBasedViewController.swift; sourceTree = "<group>"; };
		CEAF614C2A1D3C7300E37A81 /* CodeBasedViewControllerTests.swift */ = {isa = PBXFileReference; lastKnownFileType = sourcecode.swift; path = CodeBasedViewControllerTests.swift; sourceTree = "<group>"; };
		CEDC1B672A16A3E900BA528C /* UnitTestingByExample.app */ = {isa = PBXFileReference; explicitFileType = wrapper.application; includeInIndex = 0; path = UnitTestingByExample.app; sourceTree = BUILT_PRODUCTS_DIR; };
		CEDC1B6A2A16A3E900BA528C /* AppDelegate.swift */ = {isa = PBXFileReference; lastKnownFileType = sourcecode.swift; path = AppDelegate.swift; sourceTree = "<group>"; };
		CEDC1B6C2A16A3E900BA528C /* SceneDelegate.swift */ = {isa = PBXFileReference; lastKnownFileType = sourcecode.swift; path = SceneDelegate.swift; sourceTree = "<group>"; };
		CEDC1B6E2A16A3E900BA528C /* ViewController.swift */ = {isa = PBXFileReference; lastKnownFileType = sourcecode.swift; path = ViewController.swift; sourceTree = "<group>"; };
		CEDC1B712A16A3E900BA528C /* Base */ = {isa = PBXFileReference; lastKnownFileType = file.storyboard; name = Base; path = Base.lproj/Main.storyboard; sourceTree = "<group>"; };
		CEDC1B732A16A3EB00BA528C /* Assets.xcassets */ = {isa = PBXFileReference; lastKnownFileType = folder.assetcatalog; path = Assets.xcassets; sourceTree = "<group>"; };
		CEDC1B762A16A3EB00BA528C /* Base */ = {isa = PBXFileReference; lastKnownFileType = file.storyboard; name = Base; path = Base.lproj/LaunchScreen.storyboard; sourceTree = "<group>"; };
		CEDC1B782A16A3EB00BA528C /* Info.plist */ = {isa = PBXFileReference; lastKnownFileType = text.plist.xml; path = Info.plist; sourceTree = "<group>"; };
		CEDC1B7D2A16A3EB00BA528C /* UnitTestingByExampleTests.xctest */ = {isa = PBXFileReference; explicitFileType = wrapper.cfbundle; includeInIndex = 0; path = UnitTestingByExampleTests.xctest; sourceTree = BUILT_PRODUCTS_DIR; };
		CEDC1B872A16A3EB00BA528C /* UnitTestingByExampleUITests.xctest */ = {isa = PBXFileReference; explicitFileType = wrapper.cfbundle; includeInIndex = 0; path = UnitTestingByExampleUITests.xctest; sourceTree = BUILT_PRODUCTS_DIR; };
		CEDC1B8B2A16A3EB00BA528C /* UnitTestingByExampleUITests.swift */ = {isa = PBXFileReference; lastKnownFileType = sourcecode.swift; path = UnitTestingByExampleUITests.swift; sourceTree = "<group>"; };
		CEDC1B8D2A16A3EB00BA528C /* UnitTestingByExampleUITestsLaunchTests.swift */ = {isa = PBXFileReference; lastKnownFileType = sourcecode.swift; path = UnitTestingByExampleUITestsLaunchTests.swift; sourceTree = "<group>"; };
		CEDC1B9A2A16A5EB00BA528C /* AssertYourselfTests.swift */ = {isa = PBXFileReference; lastKnownFileType = sourcecode.swift; path = AssertYourselfTests.swift; sourceTree = "<group>"; };
		CEDE4A1B2A18658300000E8C /* CoveredClass.swift */ = {isa = PBXFileReference; lastKnownFileType = sourcecode.swift; path = CoveredClass.swift; sourceTree = "<group>"; };
		CEDE4A1D2A18661C00000E8C /* CoveredClassTests.swift */ = {isa = PBXFileReference; lastKnownFileType = sourcecode.swift; path = CoveredClassTests.swift; sourceTree = "<group>"; };
		CEF8E16D2A17F915009C0928 /* MyClassTests.swift */ = {isa = PBXFileReference; lastKnownFileType = sourcecode.swift; path = MyClassTests.swift; sourceTree = "<group>"; };
		CEF8E1712A17FDAD009C0928 /* MyClass.swift */ = {isa = PBXFileReference; lastKnownFileType = sourcecode.swift; path = MyClass.swift; sourceTree = "<group>"; };
/* End PBXFileReference section */

/* Begin PBXFrameworksBuildPhase section */
		CEDC1B642A16A3E900BA528C /* Frameworks */ = {
			isa = PBXFrameworksBuildPhase;
			buildActionMask = 2147483647;
			files = (
			);
			runOnlyForDeploymentPostprocessing = 0;
		};
		CEDC1B7A2A16A3EB00BA528C /* Frameworks */ = {
			isa = PBXFrameworksBuildPhase;
			buildActionMask = 2147483647;
			files = (
				CE1677EA2A8FE6CB00E9DD95 /* ViewControllerPresentationSpy.xcframework in Frameworks */,
			);
			runOnlyForDeploymentPostprocessing = 0;
		};
		CEDC1B842A16A3EB00BA528C /* Frameworks */ = {
			isa = PBXFrameworksBuildPhase;
			buildActionMask = 2147483647;
			files = (
			);
			runOnlyForDeploymentPostprocessing = 0;
		};
/* End PBXFrameworksBuildPhase section */

/* Begin PBXGroup section */
		CE10C5072A908DA600F703AE /* Navigation */ = {
			isa = PBXGroup;
			children = (
				CE10C5092A908E0900F703AE /* NavigationHomeViewController.swift */,
				CE10C50B2A90905A00F703AE /* CodeNextViewController.swift */,
				CE10C50D2A9097F300F703AE /* SegueNextViewController.swift */,
			);
			path = Navigation;
			sourceTree = "<group>";
		};
		CE10C5082A908DB700F703AE /* NavigationTests */ = {
			isa = PBXGroup;
			children = (
				CE10C50F2A909E9C00F703AE /* NavigationHomeViewControllerTests.swift */,
			);
			path = NavigationTests;
			sourceTree = "<group>";
		};
		CE10C5112A9149A700F703AE /* UserDefaults */ = {
			isa = PBXGroup;
			children = (
				CE10C5132A914A6F00F703AE /* UserDefaultsViewController.swift */,
			);
			path = UserDefaults;
			sourceTree = "<group>";
		};
		CE10C5122A9149B500F703AE /* UserDefaultsTests */ = {
			isa = PBXGroup;
			children = (
				CE10C5152A914A9000F703AE /* UserDefaultsViewControllerTests.swift */,
				CE10C5172A91534900F703AE /* FakeUserDefaults.swift */,
			);
			path = UserDefaultsTests;
			sourceTree = "<group>";
		};
		CE1677DE2A8F561C00E9DD95 /* OutletConnectionsTests */ = {
			isa = PBXGroup;
			children = (
				CE1677E22A8F571400E9DD95 /* OutletConnectionsViewControllerTests.swift */,
			);
			path = OutletConnectionsTests;
			sourceTree = "<group>";
		};
		CE1677DF2A8F562900E9DD95 /* OutletConnections */ = {
			isa = PBXGroup;
			children = (
				CE1677E02A8F56A100E9DD95 /* OutletConnectionsViewController.swift */,
			);
			path = OutletConnections;
			sourceTree = "<group>";
		};
		CE1677E52A8FDD5300E9DD95 /* Alert */ = {
			isa = PBXGroup;
			children = (
				CE1677E72A8FE1A000E9DD95 /* AlertViewController.swift */,
			);
			path = Alert;
			sourceTree = "<group>";
		};
		CE1677E62A8FDD6D00E9DD95 /* AlertTests */ = {
			isa = PBXGroup;
			children = (
				CE1677E92A8FE6CB00E9DD95 /* ViewControllerPresentationSpy.xcframework */,
				CE1677ED2A8FE83500E9DD95 /* AlertViewControllerTests.swift */,
			);
			path = AlertTests;
			sourceTree = "<group>";
		};
		CE7391DC2A233146003AA558 /* HardDependencies */ = {
			isa = PBXGroup;
			children = (
				CE7391DE2A2331B8003AA558 /* Analytics.swift */,
				CE7391E02A2332E2003AA558 /* MySingletonAnalytics.swift */,
				CE7391E22A2334F8003AA558 /* InstancePropertyViewController.swift */,
				CE7391E42A2336DD003AA558 /* OverrideViewController.swift */,
				CE7391E52A2336DD003AA558 /* OverrideViewController.xib */,
				CE7391EC2A233854003AA558 /* MySingletonViewController.swift */,
				CE1677D02A8F49E000E9DD95 /* InstanceInitializerViewController.swift */,
				CE1677D12A8F49E000E9DD95 /* InstanceInitializerViewController.xib */,
				CE1677D82A8F50FD00E9DD95 /* ClosureInitializerViewController.swift */,
				CE1677D92A8F50FD00E9DD95 /* ClosureInitializerViewController.xib */,
			);
			path = HardDependencies;
			sourceTree = "<group>";
		};
		CE7391DD2A233173003AA558 /* HardDependenciesTests */ = {
			isa = PBXGroup;
			children = (
				CE7391EE2A233EA3003AA558 /* MySingletonViewControllerTests.swift */,
				CE7391F02A234416003AA558 /* OverrideViewControllerTests.swift */,
				CE1677D42A8F4B9600E9DD95 /* InstanceInitializerViewControllerTests.swift */,
				CE1677D62A8F4F1700E9DD95 /* InstancePropertyViewControllerTests.swift */,
				CE1677DC2A8F51C600E9DD95 /* ClosureInitializerViewControllerTests.swift */,
			);
			path = HardDependenciesTests;
			sourceTree = "<group>";
		};
		CEAF613E2A1D2E0800E37A81 /* LoadViewControllers */ = {
			isa = PBXGroup;
			children = (
				CEAF61422A1D308300E37A81 /* StoryboardBasedViewControllerTests.swift */,
				CEAF61482A1D391B00E37A81 /* XIBBasedViewControllerTests.swift */,
				CEAF614C2A1D3C7300E37A81 /* CodeBasedViewControllerTests.swift */,
			);
			path = LoadViewControllers;
			sourceTree = "<group>";
		};
		CEAF613F2A1D2E1300E37A81 /* LoadViewControllers */ = {
			isa = PBXGroup;
			children = (
				CEAF61402A1D2F0400E37A81 /* StoryboardBasedViewController.swift */,
				CEAF61442A1D38AD00E37A81 /* XIBBasedViewController.swift */,
				CEAF61452A1D38AD00E37A81 /* XIBBasedViewController.xib */,
				CEAF614A2A1D3BDD00E37A81 /* CodeBasedViewController.swift */,
			);
			path = LoadViewControllers;
			sourceTree = "<group>";
		};
		CEDC1B5E2A16A3E900BA528C = {
			isa = PBXGroup;
			children = (
				CEDC1B692A16A3E900BA528C /* UnitTestingByExample */,
				CEDC1B802A16A3EB00BA528C /* UnitTestingByExampleTests */,
				CEDC1B8A2A16A3EB00BA528C /* UnitTestingByExampleUITests */,
				CEDC1B682A16A3E900BA528C /* Products */,
			);
			sourceTree = "<group>";
		};
		CEDC1B682A16A3E900BA528C /* Products */ = {
			isa = PBXGroup;
			children = (
				CEDC1B672A16A3E900BA528C /* UnitTestingByExample.app */,
				CEDC1B7D2A16A3EB00BA528C /* UnitTestingByExampleTests.xctest */,
				CEDC1B872A16A3EB00BA528C /* UnitTestingByExampleUITests.xctest */,
			);
			name = Products;
			sourceTree = "<group>";
		};
		CEDC1B692A16A3E900BA528C /* UnitTestingByExample */ = {
			isa = PBXGroup;
			children = (
				CE10C5112A9149A700F703AE /* UserDefaults */,
				CE10C5072A908DA600F703AE /* Navigation */,
				CE1677E52A8FDD5300E9DD95 /* Alert */,
				CE1677DF2A8F562900E9DD95 /* OutletConnections */,
				CE7391DC2A233146003AA558 /* HardDependencies */,
				CEAF613F2A1D2E1300E37A81 /* LoadViewControllers */,
				CEDE4A192A18654100000E8C /* CodeCoverage */,
				CEF8E16F2A17FD78009C0928 /* LifeCycle */,
				CEDC1B6A2A16A3E900BA528C /* AppDelegate.swift */,
				CEDC1B6C2A16A3E900BA528C /* SceneDelegate.swift */,
				CEDC1B6E2A16A3E900BA528C /* ViewController.swift */,
				CEDC1B702A16A3E900BA528C /* Main.storyboard */,
				CEDC1B732A16A3EB00BA528C /* Assets.xcassets */,
				CEDC1B752A16A3EB00BA528C /* LaunchScreen.storyboard */,
				CEDC1B782A16A3EB00BA528C /* Info.plist */,
			);
			path = UnitTestingByExample;
			sourceTree = "<group>";
		};
		CEDC1B802A16A3EB00BA528C /* UnitTestingByExampleTests */ = {
			isa = PBXGroup;
			children = (
				CE10C5122A9149B500F703AE /* UserDefaultsTests */,
				CE10C5082A908DB700F703AE /* NavigationTests */,
				CE1677E62A8FDD6D00E9DD95 /* AlertTests */,
				CE1677DE2A8F561C00E9DD95 /* OutletConnectionsTests */,
				CE7391DD2A233173003AA558 /* HardDependenciesTests */,
				CEAF613E2A1D2E0800E37A81 /* LoadViewControllers */,
				CEDE4A1A2A18654C00000E8C /* CodeCoverage */,
				CEF8E1702A17FD84009C0928 /* LifeCycleTests */,
				CEDC1B9A2A16A5EB00BA528C /* AssertYourselfTests.swift */,
			);
			path = UnitTestingByExampleTests;
			sourceTree = "<group>";
		};
		CEDC1B8A2A16A3EB00BA528C /* UnitTestingByExampleUITests */ = {
			isa = PBXGroup;
			children = (
				CEDC1B8B2A16A3EB00BA528C /* UnitTestingByExampleUITests.swift */,
				CEDC1B8D2A16A3EB00BA528C /* UnitTestingByExampleUITestsLaunchTests.swift */,
			);
			path = UnitTestingByExampleUITests;
			sourceTree = "<group>";
		};
		CEDE4A192A18654100000E8C /* CodeCoverage */ = {
			isa = PBXGroup;
			children = (
				CEDE4A1B2A18658300000E8C /* CoveredClass.swift */,
			);
			path = CodeCoverage;
			sourceTree = "<group>";
		};
		CEDE4A1A2A18654C00000E8C /* CodeCoverage */ = {
			isa = PBXGroup;
			children = (
				CEDE4A1D2A18661C00000E8C /* CoveredClassTests.swift */,
			);
			path = CodeCoverage;
			sourceTree = "<group>";
		};
		CEF8E16F2A17FD78009C0928 /* LifeCycle */ = {
			isa = PBXGroup;
			children = (
				CEF8E1712A17FDAD009C0928 /* MyClass.swift */,
			);
			path = LifeCycle;
			sourceTree = "<group>";
		};
		CEF8E1702A17FD84009C0928 /* LifeCycleTests */ = {
			isa = PBXGroup;
			children = (
				CEF8E16D2A17F915009C0928 /* MyClassTests.swift */,
			);
			path = LifeCycleTests;
			sourceTree = "<group>";
		};
/* End PBXGroup section */

/* Begin PBXNativeTarget section */
		CEDC1B662A16A3E900BA528C /* UnitTestingByExample */ = {
			isa = PBXNativeTarget;
			buildConfigurationList = CEDC1B912A16A3EB00BA528C /* Build configuration list for PBXNativeTarget "UnitTestingByExample" */;
			buildPhases = (
				CEDC1B632A16A3E900BA528C /* Sources */,
				CEDC1B642A16A3E900BA528C /* Frameworks */,
				CEDC1B652A16A3E900BA528C /* Resources */,
			);
			buildRules = (
			);
			dependencies = (
			);
			name = UnitTestingByExample;
			productName = UnitTestingByExample;
			productReference = CEDC1B672A16A3E900BA528C /* UnitTestingByExample.app */;
			productType = "com.apple.product-type.application";
		};
		CEDC1B7C2A16A3EB00BA528C /* UnitTestingByExampleTests */ = {
			isa = PBXNativeTarget;
			buildConfigurationList = CEDC1B942A16A3EB00BA528C /* Build configuration list for PBXNativeTarget "UnitTestingByExampleTests" */;
			buildPhases = (
				CEDC1B792A16A3EB00BA528C /* Sources */,
				CEDC1B7A2A16A3EB00BA528C /* Frameworks */,
				CEDC1B7B2A16A3EB00BA528C /* Resources */,
				CE1677EB2A8FE76A00E9DD95 /* CopyFiles */,
			);
			buildRules = (
			);
			dependencies = (
				CEDC1B7F2A16A3EB00BA528C /* PBXTargetDependency */,
			);
			name = UnitTestingByExampleTests;
			productName = UnitTestingByExampleTests;
			productReference = CEDC1B7D2A16A3EB00BA528C /* UnitTestingByExampleTests.xctest */;
			productType = "com.apple.product-type.bundle.unit-test";
		};
		CEDC1B862A16A3EB00BA528C /* UnitTestingByExampleUITests */ = {
			isa = PBXNativeTarget;
			buildConfigurationList = CEDC1B972A16A3EB00BA528C /* Build configuration list for PBXNativeTarget "UnitTestingByExampleUITests" */;
			buildPhases = (
				CEDC1B832A16A3EB00BA528C /* Sources */,
				CEDC1B842A16A3EB00BA528C /* Frameworks */,
				CEDC1B852A16A3EB00BA528C /* Resources */,
			);
			buildRules = (
			);
			dependencies = (
				CEDC1B892A16A3EB00BA528C /* PBXTargetDependency */,
			);
			name = UnitTestingByExampleUITests;
			productName = UnitTestingByExampleUITests;
			productReference = CEDC1B872A16A3EB00BA528C /* UnitTestingByExampleUITests.xctest */;
			productType = "com.apple.product-type.bundle.ui-testing";
		};
/* End PBXNativeTarget section */

/* Begin PBXProject section */
		CEDC1B5F2A16A3E900BA528C /* Project object */ = {
			isa = PBXProject;
			attributes = {
				BuildIndependentTargetsInParallel = 1;
				LastSwiftUpdateCheck = 1410;
				LastUpgradeCheck = 1410;
				TargetAttributes = {
					CEDC1B662A16A3E900BA528C = {
						CreatedOnToolsVersion = 14.1;
					};
					CEDC1B7C2A16A3EB00BA528C = {
						CreatedOnToolsVersion = 14.1;
						TestTargetID = CEDC1B662A16A3E900BA528C;
					};
					CEDC1B862A16A3EB00BA528C = {
						CreatedOnToolsVersion = 14.1;
						TestTargetID = CEDC1B662A16A3E900BA528C;
					};
				};
			};
			buildConfigurationList = CEDC1B622A16A3E900BA528C /* Build configuration list for PBXProject "UnitTestingByExample" */;
			compatibilityVersion = "Xcode 14.0";
			developmentRegion = en;
			hasScannedForEncodings = 0;
			knownRegions = (
				en,
				Base,
			);
			mainGroup = CEDC1B5E2A16A3E900BA528C;
			productRefGroup = CEDC1B682A16A3E900BA528C /* Products */;
			projectDirPath = "";
			projectRoot = "";
			targets = (
				CEDC1B662A16A3E900BA528C /* UnitTestingByExample */,
				CEDC1B7C2A16A3EB00BA528C /* UnitTestingByExampleTests */,
				CEDC1B862A16A3EB00BA528C /* UnitTestingByExampleUITests */,
			);
		};
/* End PBXProject section */

/* Begin PBXResourcesBuildPhase section */
		CEDC1B652A16A3E900BA528C /* Resources */ = {
			isa = PBXResourcesBuildPhase;
			buildActionMask = 2147483647;
			files = (
				CE1677D32A8F49E000E9DD95 /* InstanceInitializerViewController.xib in Resources */,
				CEAF61472A1D38AD00E37A81 /* XIBBasedViewController.xib in Resources */,
				CEDC1B772A16A3EB00BA528C /* LaunchScreen.storyboard in Resources */,
				CEDC1B742A16A3EB00BA528C /* Assets.xcassets in Resources */,
				CE1677DB2A8F50FD00E9DD95 /* ClosureInitializerViewController.xib in Resources */,
				CE7391E72A2336DD003AA558 /* OverrideViewController.xib in Resources */,
				CEDC1B722A16A3E900BA528C /* Main.storyboard in Resources */,
			);
			runOnlyForDeploymentPostprocessing = 0;
		};
		CEDC1B7B2A16A3EB00BA528C /* Resources */ = {
			isa = PBXResourcesBuildPhase;
			buildActionMask = 2147483647;
			files = (
			);
			runOnlyForDeploymentPostprocessing = 0;
		};
		CEDC1B852A16A3EB00BA528C /* Resources */ = {
			isa = PBXResourcesBuildPhase;
			buildActionMask = 2147483647;
			files = (
			);
			runOnlyForDeploymentPostprocessing = 0;
		};
/* End PBXResourcesBuildPhase section */

/* Begin PBXSourcesBuildPhase section */
		CEDC1B632A16A3E900BA528C /* Sources */ = {
			isa = PBXSourcesBuildPhase;
			buildActionMask = 2147483647;
			files = (
				CEAF61462A1D38AD00E37A81 /* XIBBasedViewController.swift in Sources */,
				CE7391E32A2334F8003AA558 /* InstancePropertyViewController.swift in Sources */,
				CEAF614B2A1D3BDD00E37A81 /* CodeBasedViewController.swift in Sources */,
				CEF8E1722A17FDAD009C0928 /* MyClass.swift in Sources */,
				CEDC1B6F2A16A3E900BA528C /* ViewController.swift in Sources */,
				CEDC1B6B2A16A3E900BA528C /* AppDelegate.swift in Sources */,
				CE1677D22A8F49E000E9DD95 /* InstanceInitializerViewController.swift in Sources */,
				CE1677DA2A8F50FD00E9DD95 /* ClosureInitializerViewController.swift in Sources */,
				CE1677E82A8FE1A000E9DD95 /* AlertViewController.swift in Sources */,
				CE7391E62A2336DD003AA558 /* OverrideViewController.swift in Sources */,
				CE7391ED2A233854003AA558 /* MySingletonViewController.swift in Sources */,
				CE10C50E2A9097F300F703AE /* SegueNextViewController.swift in Sources */,
				CE10C50C2A90905A00F703AE /* CodeNextViewController.swift in Sources */,
				CEDC1B6D2A16A3E900BA528C /* SceneDelegate.swift in Sources */,
				CEDE4A1C2A18658300000E8C /* CoveredClass.swift in Sources */,
				CE10C5142A914A6F00F703AE /* UserDefaultsViewController.swift in Sources */,
				CE10C50A2A908E0900F703AE /* NavigationHomeViewController.swift in Sources */,
				CEAF61412A1D2F0400E37A81 /* StoryboardBasedViewController.swift in Sources */,
				CE7391E12A2332E2003AA558 /* MySingletonAnalytics.swift in Sources */,
				CE7391DF2A2331B8003AA558 /* Analytics.swift in Sources */,
				CE1677E12A8F56A100E9DD95 /* OutletConnectionsViewController.swift in Sources */,
			);
			runOnlyForDeploymentPostprocessing = 0;
		};
		CEDC1B792A16A3EB00BA528C /* Sources */ = {
			isa = PBXSourcesBuildPhase;
			buildActionMask = 2147483647;
			files = (
				CE1677D72A8F4F1700E9DD95 /* InstancePropertyViewControllerTests.swift in Sources */,
				CEF8E16E2A17F915009C0928 /* MyClassTests.swift in Sources */,
				CE1677D52A8F4B9600E9DD95 /* InstanceInitializerViewControllerTests.swift in Sources */,
				CE1677E32A8F571400E9DD95 /* OutletConnectionsViewControllerTests.swift in Sources */,
				CE10C5162A914A9000F703AE /* UserDefaultsViewControllerTests.swift in Sources */,
				CE1677DD2A8F51C600E9DD95 /* ClosureInitializerViewControllerTests.swift in Sources */,
				CEAF61432A1D308300E37A81 /* StoryboardBasedViewControllerTests.swift in Sources */,
				CE7391F12A234416003AA558 /* OverrideViewControllerTests.swift in Sources */,
				CEAF61492A1D391B00E37A81 /* XIBBasedViewControllerTests.swift in Sources */,
				CE1677EE2A8FE83500E9DD95 /* AlertViewControllerTests.swift in Sources */,
				CE7391EF2A233EA3003AA558 /* MySingletonViewControllerTests.swift in Sources */,
				CEAF614D2A1D3C7300E37A81 /* CodeBasedViewControllerTests.swift in Sources */,
				CEDC1B9B2A16A5EB00BA528C /* AssertYourselfTests.swift in Sources */,
				CEDE4A1E2A18661C00000E8C /* CoveredClassTests.swift in Sources */,
				CE10C5102A909E9C00F703AE /* NavigationHomeViewControllerTests.swift in Sources */,
				CE10C5182A91534900F703AE /* FakeUserDefaults.swift in Sources */,
			);
			runOnlyForDeploymentPostprocessing = 0;
		};
		CEDC1B832A16A3EB00BA528C /* Sources */ = {
			isa = PBXSourcesBuildPhase;
			buildActionMask = 2147483647;
			files = (
				CEDC1B8C2A16A3EB00BA528C /* UnitTestingByExampleUITests.swift in Sources */,
				CEDC1B8E2A16A3EB00BA528C /* UnitTestingByExampleUITestsLaunchTests.swift in Sources */,
			);
			runOnlyForDeploymentPostprocessing = 0;
		};
/* End PBXSourcesBuildPhase section */

/* Begin PBXTargetDependency section */
		CEDC1B7F2A16A3EB00BA528C /* PBXTargetDependency */ = {
			isa = PBXTargetDependency;
			target = CEDC1B662A16A3E900BA528C /* UnitTestingByExample */;
			targetProxy = CEDC1B7E2A16A3EB00BA528C /* PBXContainerItemProxy */;
		};
		CEDC1B892A16A3EB00BA528C /* PBXTargetDependency */ = {
			isa = PBXTargetDependency;
			target = CEDC1B662A16A3E900BA528C /* UnitTestingByExample */;
			targetProxy = CEDC1B882A16A3EB00BA528C /* PBXContainerItemProxy */;
		};
/* End PBXTargetDependency section */

/* Begin PBXVariantGroup section */
		CEDC1B702A16A3E900BA528C /* Main.storyboard */ = {
			isa = PBXVariantGroup;
			children = (
				CEDC1B712A16A3E900BA528C /* Base */,
			);
			name = Main.storyboard;
			sourceTree = "<group>";
		};
		CEDC1B752A16A3EB00BA528C /* LaunchScreen.storyboard */ = {
			isa = PBXVariantGroup;
			children = (
				CEDC1B762A16A3EB00BA528C /* Base */,
			);
			name = LaunchScreen.storyboard;
			sourceTree = "<group>";
		};
/* End PBXVariantGroup section */

/* Begin XCBuildConfiguration section */
		CEDC1B8F2A16A3EB00BA528C /* Debug */ = {
			isa = XCBuildConfiguration;
			buildSettings = {
				ALWAYS_SEARCH_USER_PATHS = NO;
				CLANG_ANALYZER_NONNULL = YES;
				CLANG_ANALYZER_NUMBER_OBJECT_CONVERSION = YES_AGGRESSIVE;
				CLANG_CXX_LANGUAGE_STANDARD = "gnu++20";
				CLANG_ENABLE_MODULES = YES;
				CLANG_ENABLE_OBJC_ARC = YES;
				CLANG_ENABLE_OBJC_WEAK = YES;
				CLANG_WARN_BLOCK_CAPTURE_AUTORELEASING = YES;
				CLANG_WARN_BOOL_CONVERSION = YES;
				CLANG_WARN_COMMA = YES;
				CLANG_WARN_CONSTANT_CONVERSION = YES;
				CLANG_WARN_DEPRECATED_OBJC_IMPLEMENTATIONS = YES;
				CLANG_WARN_DIRECT_OBJC_ISA_USAGE = YES_ERROR;
				CLANG_WARN_DOCUMENTATION_COMMENTS = YES;
				CLANG_WARN_EMPTY_BODY = YES;
				CLANG_WARN_ENUM_CONVERSION = YES;
				CLANG_WARN_INFINITE_RECURSION = YES;
				CLANG_WARN_INT_CONVERSION = YES;
				CLANG_WARN_NON_LITERAL_NULL_CONVERSION = YES;
				CLANG_WARN_OBJC_IMPLICIT_RETAIN_SELF = YES;
				CLANG_WARN_OBJC_LITERAL_CONVERSION = YES;
				CLANG_WARN_OBJC_ROOT_CLASS = YES_ERROR;
				CLANG_WARN_QUOTED_INCLUDE_IN_FRAMEWORK_HEADER = YES;
				CLANG_WARN_RANGE_LOOP_ANALYSIS = YES;
				CLANG_WARN_STRICT_PROTOTYPES = YES;
				CLANG_WARN_SUSPICIOUS_MOVE = YES;
				CLANG_WARN_UNGUARDED_AVAILABILITY = YES_AGGRESSIVE;
				CLANG_WARN_UNREACHABLE_CODE = YES;
				CLANG_WARN__DUPLICATE_METHOD_MATCH = YES;
				COPY_PHASE_STRIP = NO;
				DEBUG_INFORMATION_FORMAT = dwarf;
				ENABLE_STRICT_OBJC_MSGSEND = YES;
				ENABLE_TESTABILITY = YES;
				GCC_C_LANGUAGE_STANDARD = gnu11;
				GCC_DYNAMIC_NO_PIC = NO;
				GCC_NO_COMMON_BLOCKS = YES;
				GCC_OPTIMIZATION_LEVEL = 0;
				GCC_PREPROCESSOR_DEFINITIONS = (
					"DEBUG=1",
					"$(inherited)",
				);
				GCC_WARN_64_TO_32_BIT_CONVERSION = YES;
				GCC_WARN_ABOUT_RETURN_TYPE = YES_ERROR;
				GCC_WARN_UNDECLARED_SELECTOR = YES;
				GCC_WARN_UNINITIALIZED_AUTOS = YES_AGGRESSIVE;
				GCC_WARN_UNUSED_FUNCTION = YES;
				GCC_WARN_UNUSED_VARIABLE = YES;
				IPHONEOS_DEPLOYMENT_TARGET = 16.1;
				MTL_ENABLE_DEBUG_INFO = INCLUDE_SOURCE;
				MTL_FAST_MATH = YES;
				ONLY_ACTIVE_ARCH = YES;
				SDKROOT = iphoneos;
				SWIFT_ACTIVE_COMPILATION_CONDITIONS = DEBUG;
				SWIFT_OPTIMIZATION_LEVEL = "-Onone";
			};
			name = Debug;
		};
		CEDC1B902A16A3EB00BA528C /* Release */ = {
			isa = XCBuildConfiguration;
			buildSettings = {
				ALWAYS_SEARCH_USER_PATHS = NO;
				CLANG_ANALYZER_NONNULL = YES;
				CLANG_ANALYZER_NUMBER_OBJECT_CONVERSION = YES_AGGRESSIVE;
				CLANG_CXX_LANGUAGE_STANDARD = "gnu++20";
				CLANG_ENABLE_MODULES = YES;
				CLANG_ENABLE_OBJC_ARC = YES;
				CLANG_ENABLE_OBJC_WEAK = YES;
				CLANG_WARN_BLOCK_CAPTURE_AUTORELEASING = YES;
				CLANG_WARN_BOOL_CONVERSION = YES;
				CLANG_WARN_COMMA = YES;
				CLANG_WARN_CONSTANT_CONVERSION = YES;
				CLANG_WARN_DEPRECATED_OBJC_IMPLEMENTATIONS = YES;
				CLANG_WARN_DIRECT_OBJC_ISA_USAGE = YES_ERROR;
				CLANG_WARN_DOCUMENTATION_COMMENTS = YES;
				CLANG_WARN_EMPTY_BODY = YES;
				CLANG_WARN_ENUM_CONVERSION = YES;
				CLANG_WARN_INFINITE_RECURSION = YES;
				CLANG_WARN_INT_CONVERSION = YES;
				CLANG_WARN_NON_LITERAL_NULL_CONVERSION = YES;
				CLANG_WARN_OBJC_IMPLICIT_RETAIN_SELF = YES;
				CLANG_WARN_OBJC_LITERAL_CONVERSION = YES;
				CLANG_WARN_OBJC_ROOT_CLASS = YES_ERROR;
				CLANG_WARN_QUOTED_INCLUDE_IN_FRAMEWORK_HEADER = YES;
				CLANG_WARN_RANGE_LOOP_ANALYSIS = YES;
				CLANG_WARN_STRICT_PROTOTYPES = YES;
				CLANG_WARN_SUSPICIOUS_MOVE = YES;
				CLANG_WARN_UNGUARDED_AVAILABILITY = YES_AGGRESSIVE;
				CLANG_WARN_UNREACHABLE_CODE = YES;
				CLANG_WARN__DUPLICATE_METHOD_MATCH = YES;
				COPY_PHASE_STRIP = NO;
				DEBUG_INFORMATION_FORMAT = "dwarf-with-dsym";
				ENABLE_NS_ASSERTIONS = NO;
				ENABLE_STRICT_OBJC_MSGSEND = YES;
				GCC_C_LANGUAGE_STANDARD = gnu11;
				GCC_NO_COMMON_BLOCKS = YES;
				GCC_WARN_64_TO_32_BIT_CONVERSION = YES;
				GCC_WARN_ABOUT_RETURN_TYPE = YES_ERROR;
				GCC_WARN_UNDECLARED_SELECTOR = YES;
				GCC_WARN_UNINITIALIZED_AUTOS = YES_AGGRESSIVE;
				GCC_WARN_UNUSED_FUNCTION = YES;
				GCC_WARN_UNUSED_VARIABLE = YES;
				IPHONEOS_DEPLOYMENT_TARGET = 16.1;
				MTL_ENABLE_DEBUG_INFO = NO;
				MTL_FAST_MATH = YES;
				SDKROOT = iphoneos;
				SWIFT_COMPILATION_MODE = wholemodule;
				SWIFT_OPTIMIZATION_LEVEL = "-O";
				VALIDATE_PRODUCT = YES;
			};
			name = Release;
		};
		CEDC1B922A16A3EB00BA528C /* Debug */ = {
			isa = XCBuildConfiguration;
			buildSettings = {
				ASSETCATALOG_COMPILER_APPICON_NAME = AppIcon;
				ASSETCATALOG_COMPILER_GLOBAL_ACCENT_COLOR_NAME = AccentColor;
				CODE_SIGN_STYLE = Automatic;
				CURRENT_PROJECT_VERSION = 1;
				DEVELOPMENT_TEAM = FZXL4C9474;
				GENERATE_INFOPLIST_FILE = YES;
				INFOPLIST_FILE = UnitTestingByExample/Info.plist;
				INFOPLIST_KEY_UIApplicationSupportsIndirectInputEvents = YES;
				INFOPLIST_KEY_UILaunchStoryboardName = LaunchScreen;
				INFOPLIST_KEY_UIMainStoryboardFile = Main;
				INFOPLIST_KEY_UISupportedInterfaceOrientations_iPad = "UIInterfaceOrientationPortrait UIInterfaceOrientationPortraitUpsideDown UIInterfaceOrientationLandscapeLeft UIInterfaceOrientationLandscapeRight";
				INFOPLIST_KEY_UISupportedInterfaceOrientations_iPhone = "UIInterfaceOrientationPortrait UIInterfaceOrientationLandscapeLeft UIInterfaceOrientationLandscapeRight";
				LD_RUNPATH_SEARCH_PATHS = (
					"$(inherited)",
					"@executable_path/Frameworks",
				);
				MARKETING_VERSION = 1.0;
				PRODUCT_BUNDLE_IDENTIFIER = com.UnitTestingByExample;
				PRODUCT_NAME = "$(TARGET_NAME)";
				SWIFT_EMIT_LOC_STRINGS = YES;
				SWIFT_VERSION = 5.0;
				TARGETED_DEVICE_FAMILY = "1,2";
			};
			name = Debug;
		};
		CEDC1B932A16A3EB00BA528C /* Release */ = {
			isa = XCBuildConfiguration;
			buildSettings = {
				ASSETCATALOG_COMPILER_APPICON_NAME = AppIcon;
				ASSETCATALOG_COMPILER_GLOBAL_ACCENT_COLOR_NAME = AccentColor;
				CODE_SIGN_STYLE = Automatic;
				CURRENT_PROJECT_VERSION = 1;
				DEVELOPMENT_TEAM = FZXL4C9474;
				GENERATE_INFOPLIST_FILE = YES;
				INFOPLIST_FILE = UnitTestingByExample/Info.plist;
				INFOPLIST_KEY_UIApplicationSupportsIndirectInputEvents = YES;
				INFOPLIST_KEY_UILaunchStoryboardName = LaunchScreen;
				INFOPLIST_KEY_UIMainStoryboardFile = Main;
				INFOPLIST_KEY_UISupportedInterfaceOrientations_iPad = "UIInterfaceOrientationPortrait UIInterfaceOrientationPortraitUpsideDown UIInterfaceOrientationLandscapeLeft UIInterfaceOrientationLandscapeRight";
				INFOPLIST_KEY_UISupportedInterfaceOrientations_iPhone = "UIInterfaceOrientationPortrait UIInterfaceOrientationLandscapeLeft UIInterfaceOrientationLandscapeRight";
				LD_RUNPATH_SEARCH_PATHS = (
					"$(inherited)",
					"@executable_path/Frameworks",
				);
				MARKETING_VERSION = 1.0;
				PRODUCT_BUNDLE_IDENTIFIER = com.UnitTestingByExample;
				PRODUCT_NAME = "$(TARGET_NAME)";
				SWIFT_EMIT_LOC_STRINGS = YES;
				SWIFT_VERSION = 5.0;
				TARGETED_DEVICE_FAMILY = "1,2";
			};
			name = Release;
		};
		CEDC1B952A16A3EB00BA528C /* Debug */ = {
			isa = XCBuildConfiguration;
			buildSettings = {
				ALWAYS_EMBED_SWIFT_STANDARD_LIBRARIES = YES;
				BUNDLE_LOADER = "$(TEST_HOST)";
				CODE_SIGN_STYLE = Automatic;
				CURRENT_PROJECT_VERSION = 1;
				DEVELOPMENT_TEAM = FZXL4C9474;
				GENERATE_INFOPLIST_FILE = YES;
				IPHONEOS_DEPLOYMENT_TARGET = 16.1;
				MARKETING_VERSION = 1.0;
				PRODUCT_BUNDLE_IDENTIFIER = com.UnitTestingByExampleTests;
				PRODUCT_NAME = "$(TARGET_NAME)";
				SWIFT_EMIT_LOC_STRINGS = NO;
				SWIFT_VERSION = 5.0;
				TARGETED_DEVICE_FAMILY = "1,2";
				TEST_HOST = "$(BUILT_PRODUCTS_DIR)/UnitTestingByExample.app/$(BUNDLE_EXECUTABLE_FOLDER_PATH)/UnitTestingByExample";
			};
			name = Debug;
		};
		CEDC1B962A16A3EB00BA528C /* Release */ = {
			isa = XCBuildConfiguration;
			buildSettings = {
				ALWAYS_EMBED_SWIFT_STANDARD_LIBRARIES = YES;
				BUNDLE_LOADER = "$(TEST_HOST)";
				CODE_SIGN_STYLE = Automatic;
				CURRENT_PROJECT_VERSION = 1;
				DEVELOPMENT_TEAM = FZXL4C9474;
				GENERATE_INFOPLIST_FILE = YES;
				IPHONEOS_DEPLOYMENT_TARGET = 16.1;
				MARKETING_VERSION = 1.0;
				PRODUCT_BUNDLE_IDENTIFIER = com.UnitTestingByExampleTests;
				PRODUCT_NAME = "$(TARGET_NAME)";
				SWIFT_EMIT_LOC_STRINGS = NO;
				SWIFT_VERSION = 5.0;
				TARGETED_DEVICE_FAMILY = "1,2";
				TEST_HOST = "$(BUILT_PRODUCTS_DIR)/UnitTestingByExample.app/$(BUNDLE_EXECUTABLE_FOLDER_PATH)/UnitTestingByExample";
			};
			name = Release;
		};
		CEDC1B982A16A3EB00BA528C /* Debug */ = {
			isa = XCBuildConfiguration;
			buildSettings = {
				ALWAYS_EMBED_SWIFT_STANDARD_LIBRARIES = YES;
				CODE_SIGN_STYLE = Automatic;
				CURRENT_PROJECT_VERSION = 1;
				DEVELOPMENT_TEAM = FZXL4C9474;
				GENERATE_INFOPLIST_FILE = YES;
				MARKETING_VERSION = 1.0;
				PRODUCT_BUNDLE_IDENTIFIER = com.UnitTestingByExampleUITests;
				PRODUCT_NAME = "$(TARGET_NAME)";
				SWIFT_EMIT_LOC_STRINGS = NO;
				SWIFT_VERSION = 5.0;
				TARGETED_DEVICE_FAMILY = "1,2";
				TEST_TARGET_NAME = UnitTestingByExample;
			};
			name = Debug;
		};
		CEDC1B992A16A3EB00BA528C /* Release */ = {
			isa = XCBuildConfiguration;
			buildSettings = {
				ALWAYS_EMBED_SWIFT_STANDARD_LIBRARIES = YES;
				CODE_SIGN_STYLE = Automatic;
				CURRENT_PROJECT_VERSION = 1;
				DEVELOPMENT_TEAM = FZXL4C9474;
				GENERATE_INFOPLIST_FILE = YES;
				MARKETING_VERSION = 1.0;
				PRODUCT_BUNDLE_IDENTIFIER = com.UnitTestingByExampleUITests;
				PRODUCT_NAME = "$(TARGET_NAME)";
				SWIFT_EMIT_LOC_STRINGS = NO;
				SWIFT_VERSION = 5.0;
				TARGETED_DEVICE_FAMILY = "1,2";
				TEST_TARGET_NAME = UnitTestingByExample;
			};
			name = Release;
		};
/* End XCBuildConfiguration section */

/* Begin XCConfigurationList section */
		CEDC1B622A16A3E900BA528C /* Build configuration list for PBXProject "UnitTestingByExample" */ = {
			isa = XCConfigurationList;
			buildConfigurations = (
				CEDC1B8F2A16A3EB00BA528C /* Debug */,
				CEDC1B902A16A3EB00BA528C /* Release */,
			);
			defaultConfigurationIsVisible = 0;
			defaultConfigurationName = Release;
		};
		CEDC1B912A16A3EB00BA528C /* Build configuration list for PBXNativeTarget "UnitTestingByExample" */ = {
			isa = XCConfigurationList;
			buildConfigurations = (
				CEDC1B922A16A3EB00BA528C /* Debug */,
				CEDC1B932A16A3EB00BA528C /* Release */,
			);
			defaultConfigurationIsVisible = 0;
			defaultConfigurationName = Release;
		};
		CEDC1B942A16A3EB00BA528C /* Build configuration list for PBXNativeTarget "UnitTestingByExampleTests" */ = {
			isa = XCConfigurationList;
			buildConfigurations = (
				CEDC1B952A16A3EB00BA528C /* Debug */,
				CEDC1B962A16A3EB00BA528C /* Release */,
			);
			defaultConfigurationIsVisible = 0;
			defaultConfigurationName = Release;
		};
		CEDC1B972A16A3EB00BA528C /* Build configuration list for PBXNativeTarget "UnitTestingByExampleUITests" */ = {
			isa = XCConfigurationList;
			buildConfigurations = (
				CEDC1B982A16A3EB00BA528C /* Debug */,
				CEDC1B992A16A3EB00BA528C /* Release */,
			);
			defaultConfigurationIsVisible = 0;
			defaultConfigurationName = Release;
		};
/* End XCConfigurationList section */
	};
	rootObject = CEDC1B5F2A16A3E900BA528C /* Project object */;
}
